{
	"name": "proxy",
	"lockfileVersion": 2,
	"requires": true,
	"packages": {
		"": {
			"dependencies": {
				"sys-nodehttp": "^1.2.3",
				"url-ponyfill": "^0.5.9"
			}
		},
		"node_modules/sys-nodehttp": {
			"version": "1.2.3",
			"resolved": "https://registry.npmjs.org/sys-nodehttp/-/sys-nodehttp-1.2.3.tgz",
			"integrity": "sha512-0zCWLHchumr2qfYi0OzILvp6FgZCZAZpHzmfwQZ02OkBYdZ4owrLTv4bA7JKOltmF9vt9BqktJiWd+LA8zLIpQ=="
		},
		"node_modules/url-ponyfill": {
			"version": "0.5.9",
			"resolved": "https://registry.npmjs.org/url-ponyfill/-/url-ponyfill-0.5.9.tgz",
			"integrity": "sha1-ZNKKs1p8kfBCpGIhU1vip/f3Gzc="
		}
	},
	"dependencies": {
		"sys-nodehttp": {
			"version": "1.2.3",
			"resolved": "https://registry.npmjs.org/sys-nodehttp/-/sys-nodehttp-1.2.3.tgz",
			"integrity": "sha512-0zCWLHchumr2qfYi0OzILvp6FgZCZAZpHzmfwQZ02OkBYdZ4owrLTv4bA7JKOltmF9vt9BqktJiWd+LA8zLIpQ=="
		},
		"url-ponyfill": {
			"version": "0.5.9",
			"resolved": "https://registry.npmjs.org/url-ponyfill/-/url-ponyfill-0.5.9.tgz",
			"integrity": "sha1-ZNKKs1p8kfBCpGIhU1vip/f3Gzc="
		}
	}
}
